hash: 01c721c041afce7ba4105538f7781ec387a08a144dd8d39a9d522ec8d123e70f
updated: 2016-11-17T23:23:58.815862228+01:00
imports:
- name: github.com/fsnotify/fsnotify
  version: fd9ec7deca8bf46ecd2a795baaacf2b3a9be1197
- name: github.com/hashicorp/hcl
  version: c3e054bfd4dcf77b9965ed2b79b22afa2f41d4eb
  subpackages:
  - hcl/ast
  - hcl/parser
  - hcl/scanner
  - hcl/strconv
  - hcl/token
  - json/parser
  - json/scanner
  - json/token
- name: github.com/inconshreveable/mousetrap
  version: 76626ae9c91c4f2a10f34cad8ce83ea42c93bb75
- name: github.com/magiconair/properties
  version: 0723e352fa358f9322c938cc2dadda874e9151a9
- name: github.com/mitchellh/mapstructure
  version: f3009df150dadf309fdee4a54ed65c124afad715
- name: github.com/pelletier/go-buffruneio
  version: df1e16fde7fc330a0ca68167c23bf7ed6ac31d6d
- name: github.com/pelletier/go-toml
  version: 45932ad32dfdd20826f5671da37a5f3ce9f26a8d
- name: github.com/spf13/afero
  version: 06b7e5f50606ecd49148a01a6008942d9b669217
  subpackages:
  - mem
- name: github.com/spf13/cast
  version: 24b6558033ffe202bf42f0f3b870dcc798dd2ba8
- name: github.com/spf13/cobra
  version: 9495bc009a56819bdb0ddbc1a373e29c140bc674
- name: github.com/spf13/jwalterweatherman
  version: 33c24e77fb80341fe7130ee7c594256ff08ccc46
- name: github.com/spf13/pflag
  version: 5ccb023bc27df288a957c5e994cd44fd19619465
- name: github.com/spf13/viper
  version: 651d9d916abc3c3d6a91a12549495caba5edffd2
- name: golang.org/x/sys
  version: b699b7032584f0953262cb2788a0ca19bb494703
  subpackages:
  - unix
- name: golang.org/x/text
  version: a263ba8db058568bb9beba166777d9c9dbe75d68
  subpackages:
  - transform
  - unicode/norm
- name: gopkg.in/src-d/go-git.v4
  version: 18f9bb53a0b3ded9cecf02bec1c08ed4833fb97c
- name: gopkg.in/yaml.v2
  version: a5b47d31c556af34a302ce5d659e6fea44d90de0
testImports: []
